
Microsoft Visual Studio Solution File, Format Version 12.00
# Visual Studio Version 16
VisualStudioVersion = 16.0.32106.194
MinimumVisualStudioVersion = 10.0.40219.1
Project("{FAE04EC0-301F-11D3-BF4B-00C04F79EFBC}") = "EXAMEN2", "EXAMEN2\EXAMEN2.csproj", "{0A8C812A-BABA-4E9F-98FF-802FD98720E6}"
EndProject
Project("{FAE04EC0-301F-11D3-BF4B-00C04F79EFBC}") = "Exmn2", "Exmn2\Exmn2.csproj", "{F8EF7579-F2B3-4D38-A2F5-DCAFB4767BB6}"
EndProject
Global
	GlobalSection(SolutionConfigurationPlatforms) = preSolution
		Debug|Any CPU = Debug|Any CPU
		Release|Any CPU = Release|Any CPU
	EndGlobalSection
	GlobalSection(ProjectConfigurationPlatforms) = postSolution
		{0A8C812A-BABA-4E9F-98FF-802FD98720E6}.Debug|Any CPU.ActiveCfg = Debug|Any CPU
		{0A8C812A-BABA-4E9F-98FF-802FD98720E6}.Debug|Any CPU.Build.0 = Debug|Any CPU
		{0A8C812A-BABA-4E9F-98FF-802FD98720E6}.Release|Any CPU.ActiveCfg = Release|Any CPU
		{0A8C812A-BABA-4E9F-98FF-802FD98720E6}.Release|Any CPU.Build.0 = Release|Any CPU
		{F8EF7579-F2B3-4D38-A2F5-DCAFB4767BB6}.Debug|Any CPU.ActiveCfg = Debug|Any CPU
		{F8EF7579-F2B3-4D38-A2F5-DCAFB4767BB6}.Debug|Any CPU.Build.0 = Debug|Any CPU
		{F8EF7579-F2B3-4D38-A2F5-DCAFB4767BB6}.Release|Any CPU.ActiveCfg = Release|Any CPU
		{F8EF7579-F2B3-4D38-A2F5-DCAFB4767BB6}.Release|Any CPU.Build.0 = Release|Any CPU
	EndGlobalSection
	GlobalSection(SolutionProperties) = preSolution
		HideSolutionNode = FALSE
	EndGlobalSection
	GlobalSection(ExtensibilityGlobals) = postSolution
		SolutionGuid = {37836961-526C-4945-BDE2-ED198F27E96D}
	EndGlobalSection
EndGlobal
